# THIS IS AN AUTOGENERATED FILE. DO NOT EDIT THIS FILE DIRECTLY.
# yarn lockfile v1


vue-multipane@^0.9.5:
  version "0.9.5"
  resolved "https://registry.npmmirror.com/vue-multipane/-/vue-multipane-0.9.5.tgz#10ddaf9092e0a9e761edfd0d1f1db8bbb54b3e9c"
  integrity sha512-4sr6POXY82VMzprQWGNMzTIBGGYEi7nG0uGQb6AYr8o0ngIsYCDPh/gmgms8NVsZzG28b7kn3tQhKP27cbbLdw==
